# This file is automatically @generated by Cargo.
# It is not intended for manual editing.
version = 4

[[package]]
name = "teliosauto"
version = "0.1.0"
dependencies = [
 "telnet",
]

[[package]]
name = "telnet"
version = "0.2.2"
source = "registry+https://github.com/rust-lang/crates.io-index"
checksum = "53a8d070ca1b674d310bf5485b570958f50ea7667c4bd6be596ffe8989f8fcae"
